
Microsoft Visual Studio Solution File, Format Version 12.00
# Visual Studio Version 17
VisualStudioVersion = 17.8.34322.80
MinimumVisualStudioVersion = 10.0.40219.1
Project("{FAE04EC0-301F-11D3-BF4B-00C04F79EFBC}") = "Exceptions", "Exceptions.csproj", "{76211255-B951-4118-ABA4-0075262A461A}"
EndProject
Global
	GlobalSection(SolutionConfigurationPlatforms) = preSolution
		Debug|Any CPU = Debug|Any CPU
		Release|Any CPU = Release|Any CPU
	EndGlobalSection
	GlobalSection(ProjectConfigurationPlatforms) = postSolution
		{76211255-B951-4118-ABA4-0075262A461A}.Debug|Any CPU.ActiveCfg = Debug|Any CPU
		{76211255-B951-4118-ABA4-0075262A461A}.Debug|Any CPU.Build.0 = Debug|Any CPU
		{76211255-B951-4118-ABA4-0075262A461A}.Release|Any CPU.ActiveCfg = Release|Any CPU
		{76211255-B951-4118-ABA4-0075262A461A}.Release|Any CPU.Build.0 = Release|Any CPU
	EndGlobalSection
	GlobalSection(SolutionProperties) = preSolution
		HideSolutionNode = FALSE
	EndGlobalSection
	GlobalSection(ExtensibilityGlobals) = postSolution
		SolutionGuid = {048251D1-21F9-4F61-88F3-71A5B6555179}
	EndGlobalSection
EndGlobal
